
Microsoft Visual Studio Solution File, Format Version 12.00
# Visual Studio Version 17
VisualStudioVersion = 17.7.34024.191
MinimumVisualStudioVersion = 10.0.40219.1
Project("{FAE04EC0-301F-11D3-BF4B-00C04F79EFBC}") = "NetClassesApp", "NetClassesApp\NetClassesApp.csproj", "{80C5D521-911A-4359-B798-65F251F7258B}"
EndProject
Global
	GlobalSection(SolutionConfigurationPlatforms) = preSolution
		Debug|Any CPU = Debug|Any CPU
		Release|Any CPU = Release|Any CPU
	EndGlobalSection
	GlobalSection(ProjectConfigurationPlatforms) = postSolution
		{80C5D521-911A-4359-B798-65F251F7258B}.Debug|Any CPU.ActiveCfg = Debug|Any CPU
		{80C5D521-911A-4359-B798-65F251F7258B}.Debug|Any CPU.Build.0 = Debug|Any CPU
		{80C5D521-911A-4359-B798-65F251F7258B}.Release|Any CPU.ActiveCfg = Release|Any CPU
		{80C5D521-911A-4359-B798-65F251F7258B}.Release|Any CPU.Build.0 = Release|Any CPU
	EndGlobalSection
	GlobalSection(SolutionProperties) = preSolution
		HideSolutionNode = FALSE
	EndGlobalSection
	GlobalSection(ExtensibilityGlobals) = postSolution
		SolutionGuid = {CB7B9C69-B6FB-4F4F-AF2A-ED5B7C33F9F1}
	EndGlobalSection
EndGlobal
